
Microsoft Visual Studio Solution File, Format Version 12.00
# Visual Studio 15
VisualStudioVersion = 15.0.28307.271
MinimumVisualStudioVersion = 10.0.40219.1
Project("{FAE04EC0-301F-11D3-BF4B-00C04F79EFBC}") = "CheckPermissionDemo.Android", "CheckPermissionDemo\CheckPermissionDemo.Android\CheckPermissionDemo.Android.csproj", "{001AF5E1-1470-4985-94B0-176BC9D049DA}"
EndProject
Project("{FAE04EC0-301F-11D3-BF4B-00C04F79EFBC}") = "CheckPermissionDemo.iOS", "CheckPermissionDemo\CheckPermissionDemo.iOS\CheckPermissionDemo.iOS.csproj", "{94EC00C3-3866-4D4D-B6B9-7FE6365AE207}"
EndProject
Project("{FAE04EC0-301F-11D3-BF4B-00C04F79EFBC}") = "CheckPermissionDemo", "CheckPermissionDemo\CheckPermissionDemo\CheckPermissionDemo.csproj", "{D7801884-F8E1-4495-9694-68042EA7DCB9}"
EndProject
Global
	GlobalSection(SolutionConfigurationPlatforms) = preSolution
		Ad-Hoc|Any CPU = Ad-Hoc|Any CPU
		Ad-Hoc|iPhone = Ad-Hoc|iPhone
		Ad-Hoc|iPhoneSimulator = Ad-Hoc|iPhoneSimulator
		AppStore|Any CPU = AppStore|Any CPU
		AppStore|iPhone = AppStore|iPhone
		AppStore|iPhoneSimulator = AppStore|iPhoneSimulator
		Debug|Any CPU = Debug|Any CPU
		Debug|iPhone = Debug|iPhone
		Debug|iPhoneSimulator = Debug|iPhoneSimulator
		Release|Any CPU = Release|Any CPU
		Release|iPhone = Release|iPhone
		Release|iPhoneSimulator = Release|iPhoneSimulator
	EndGlobalSection
	GlobalSection(ProjectConfigurationPlatforms) = postSolution
		{001AF5E1-1470-4985-94B0-176BC9D049DA}.Ad-Hoc|Any CPU.ActiveCfg = Release|Any CPU
		{001AF5E1-1470-4985-94B0-176BC9D049DA}.Ad-Hoc|Any CPU.Build.0 = Release|Any CPU
		{001AF5E1-1470-4985-94B0-176BC9D049DA}.Ad-Hoc|Any CPU.Deploy.0 = Release|Any CPU
		{001AF5E1-1470-4985-94B0-176BC9D049DA}.Ad-Hoc|iPhone.ActiveCfg = Release|Any CPU
		{001AF5E1-1470-4985-94B0-176BC9D049DA}.Ad-Hoc|iPhone.Build.0 = Release|Any CPU
		{001AF5E1-1470-4985-94B0-176BC9D049DA}.Ad-Hoc|iPhone.Deploy.0 = Release|Any CPU
		{001AF5E1-1470-4985-94B0-176BC9D049DA}.Ad-Hoc|iPhoneSimulator.ActiveCfg = Release|Any CPU
		{001AF5E1-1470-4985-94B0-176BC9D049DA}.Ad-Hoc|iPhoneSimulator.Build.0 = Release|Any CPU
		{001AF5E1-1470-4985-94B0-176BC9D049DA}.Ad-Hoc|iPhoneSimulator.Deploy.0 = Release|Any CPU
		{001AF5E1-1470-4985-94B0-176BC9D049DA}.AppStore|Any CPU.ActiveCfg = Release|Any CPU
		{001AF5E1-1470-4985-94B0-176BC9D049DA}.AppStore|Any CPU.Build.0 = Release|Any CPU
		{001AF5E1-1470-4985-94B0-176BC9D049DA}.AppStore|Any CPU.Deploy.0 = Release|Any CPU
		{001AF5E1-1470-4985-94B0-176BC9D049DA}.AppStore|iPhone.ActiveCfg = Release|Any CPU
		{001AF5E1-1470-4985-94B0-176BC9D049DA}.AppStore|iPhone.Build.0 = Release|Any CPU
		{001AF5E1-1470-4985-94B0-176BC9D049DA}.AppStore|iPhone.Deploy.0 = Release|Any CPU
		{001AF5E1-1470-4985-94B0-176BC9D049DA}.AppStore|iPhoneSimulator.ActiveCfg = Release|Any CPU
		{001AF5E1-1470-4985-94B0-176BC9D049DA}.AppStore|iPhoneSimulator.Build.0 = Release|Any CPU
		{001AF5E1-1470-4985-94B0-176BC9D049DA}.AppStore|iPhoneSimulator.Deploy.0 = Release|Any CPU
		{001AF5E1-1470-4985-94B0-176BC9D049DA}.Debug|Any CPU.ActiveCfg = Debug|Any CPU
		{001AF5E1-1470-4985-94B0-176BC9D049DA}.Debug|Any CPU.Build.0 = Debug|Any CPU
		{001AF5E1-1470-4985-94B0-176BC9D049DA}.Debug|Any CPU.Deploy.0 = Debug|Any CPU
		{001AF5E1-1470-4985-94B0-176BC9D049DA}.Debug|iPhone.ActiveCfg = Debug|Any CPU
		{001AF5E1-1470-4985-94B0-176BC9D049DA}.Debug|iPhone.Build.0 = Debug|Any CPU
		{001AF5E1-1470-4985-94B0-176BC9D049DA}.Debug|iPhone.Deploy.0 = Debug|Any CPU
		{001AF5E1-1470-4985-94B0-176BC9D049DA}.Debug|iPhoneSimulator.ActiveCfg = Debug|Any CPU
		{001AF5E1-1470-4985-94B0-176BC9D049DA}.Debug|iPhoneSimulator.Build.0 = Debug|Any CPU
		{001AF5E1-1470-4985-94B0-176BC9D049DA}.Debug|iPhoneSimulator.Deploy.0 = Debug|Any CPU
		{001AF5E1-1470-4985-94B0-176BC9D049DA}.Release|Any CPU.ActiveCfg = Release|Any CPU
		{001AF5E1-1470-4985-94B0-176BC9D049DA}.Release|Any CPU.Build.0 = Release|Any CPU
		{001AF5E1-1470-4985-94B0-176BC9D049DA}.Release|Any CPU.Deploy.0 = Release|Any CPU
		{001AF5E1-1470-4985-94B0-176BC9D049DA}.Release|iPhone.ActiveCfg = Release|Any CPU
		{001AF5E1-1470-4985-94B0-176BC9D049DA}.Release|iPhone.Build.0 = Release|Any CPU
		{001AF5E1-1470-4985-94B0-176BC9D049DA}.Release|iPhone.Deploy.0 = Release|Any CPU
		{001AF5E1-1470-4985-94B0-176BC9D049DA}.Release|iPhoneSimulator.ActiveCfg = Release|Any CPU
		{001AF5E1-1470-4985-94B0-176BC9D049DA}.Release|iPhoneSimulator.Build.0 = Release|Any CPU
		{001AF5E1-1470-4985-94B0-176BC9D049DA}.Release|iPhoneSimulator.Deploy.0 = Release|Any CPU
		{94EC00C3-3866-4D4D-B6B9-7FE6365AE207}.Ad-Hoc|Any CPU.ActiveCfg = Ad-Hoc|iPhone
		{94EC00C3-3866-4D4D-B6B9-7FE6365AE207}.Ad-Hoc|Any CPU.Build.0 = Ad-Hoc|iPhone
		{94EC00C3-3866-4D4D-B6B9-7FE6365AE207}.Ad-Hoc|Any CPU.Deploy.0 = Ad-Hoc|iPhone
		{94EC00C3-3866-4D4D-B6B9-7FE6365AE207}.Ad-Hoc|iPhone.ActiveCfg = Ad-Hoc|iPhone
		{94EC00C3-3866-4D4D-B6B9-7FE6365AE207}.Ad-Hoc|iPhone.Build.0 = Ad-Hoc|iPhone
		{94EC00C3-3866-4D4D-B6B9-7FE6365AE207}.Ad-Hoc|iPhone.Deploy.0 = Ad-Hoc|iPhone
		{94EC00C3-3866-4D4D-B6B9-7FE6365AE207}.Ad-Hoc|iPhoneSimulator.ActiveCfg = Ad-Hoc|iPhoneSimulator
		{94EC00C3-3866-4D4D-B6B9-7FE6365AE207}.Ad-Hoc|iPhoneSimulator.Build.0 = Ad-Hoc|iPhoneSimulator
		{94EC00C3-3866-4D4D-B6B9-7FE6365AE207}.Ad-Hoc|iPhoneSimulator.Deploy.0 = Ad-Hoc|iPhoneSimulator
		{94EC00C3-3866-4D4D-B6B9-7FE6365AE207}.AppStore|Any CPU.ActiveCfg = AppStore|iPhone
		{94EC00C3-3866-4D4D-B6B9-7FE6365AE207}.AppStore|Any CPU.Build.0 = AppStore|iPhone
		{94EC00C3-3866-4D4D-B6B9-7FE6365AE207}.AppStore|Any CPU.Deploy.0 = AppStore|iPhone
		{94EC00C3-3866-4D4D-B6B9-7FE6365AE207}.AppStore|iPhone.ActiveCfg = AppStore|iPhone
		{94EC00C3-3866-4D4D-B6B9-7FE6365AE207}.AppStore|iPhone.Build.0 = AppStore|iPhone
		{94EC00C3-3866-4D4D-B6B9-7FE6365AE207}.AppStore|iPhone.Deploy.0 = AppStore|iPhone
		{94EC00C3-3866-4D4D-B6B9-7FE6365AE207}.AppStore|iPhoneSimulator.ActiveCfg = AppStore|iPhoneSimulator
		{94EC00C3-3866-4D4D-B6B9-7FE6365AE207}.AppStore|iPhoneSimulator.Build.0 = AppStore|iPhoneSimulator
		{94EC00C3-3866-4D4D-B6B9-7FE6365AE207}.AppStore|iPhoneSimulator.Deploy.0 = AppStore|iPhoneSimulator
		{94EC00C3-3866-4D4D-B6B9-7FE6365AE207}.Debug|Any CPU.ActiveCfg = Debug|iPhoneSimulator
		{94EC00C3-3866-4D4D-B6B9-7FE6365AE207}.Debug|Any CPU.Build.0 = Debug|iPhoneSimulator
		{94EC00C3-3866-4D4D-B6B9-7FE6365AE207}.Debug|Any CPU.Deploy.0 = Debug|iPhoneSimulator
		{94EC00C3-3866-4D4D-B6B9-7FE6365AE207}.Debug|iPhone.ActiveCfg = Debug|iPhone
		{94EC00C3-3866-4D4D-B6B9-7FE6365AE207}.Debug|iPhone.Build.0 = Debug|iPhone
		{94EC00C3-3866-4D4D-B6B9-7FE6365AE207}.Debug|iPhone.Deploy.0 = Debug|iPhone
		{94EC00C3-3866-4D4D-B6B9-7FE6365AE207}.Debug|iPhoneSimulator.ActiveCfg = Debug|iPhoneSimulator
		{94EC00C3-3866-4D4D-B6B9-7FE6365AE207}.Debug|iPhoneSimulator.Build.0 = Debug|iPhoneSimulator
		{94EC00C3-3866-4D4D-B6B9-7FE6365AE207}.Debug|iPhoneSimulator.Deploy.0 = Debug|iPhoneSimulator
		{94EC00C3-3866-4D4D-B6B9-7FE6365AE207}.Release|Any CPU.ActiveCfg = Release|iPhone
		{94EC00C3-3866-4D4D-B6B9-7FE6365AE207}.Release|Any CPU.Build.0 = Release|iPhone
		{94EC00C3-3866-4D4D-B6B9-7FE6365AE207}.Release|Any CPU.Deploy.0 = Release|iPhone
		{94EC00C3-3866-4D4D-B6B9-7FE6365AE207}.Release|iPhone.ActiveCfg = Release|iPhone
		{94EC00C3-3866-4D4D-B6B9-7FE6365AE207}.Release|iPhone.Build.0 = Release|iPhone
		{94EC00C3-3866-4D4D-B6B9-7FE6365AE207}.Release|iPhone.Deploy.0 = Release|iPhone
		{94EC00C3-3866-4D4D-B6B9-7FE6365AE207}.Release|iPhoneSimulator.ActiveCfg = Release|iPhoneSimulator
		{94EC00C3-3866-4D4D-B6B9-7FE6365AE207}.Release|iPhoneSimulator.Build.0 = Release|iPhoneSimulator
		{94EC00C3-3866-4D4D-B6B9-7FE6365AE207}.Release|iPhoneSimulator.Deploy.0 = Release|iPhoneSimulator
		{D7801884-F8E1-4495-9694-68042EA7DCB9}.Ad-Hoc|Any CPU.ActiveCfg = Debug|Any CPU
		{D7801884-F8E1-4495-9694-68042EA7DCB9}.Ad-Hoc|Any CPU.Build.0 = Debug|Any CPU
		{D7801884-F8E1-4495-9694-68042EA7DCB9}.Ad-Hoc|Any CPU.Deploy.0 = Debug|Any CPU
		{D7801884-F8E1-4495-9694-68042EA7DCB9}.Ad-Hoc|iPhone.ActiveCfg = Debug|Any CPU
		{D7801884-F8E1-4495-9694-68042EA7DCB9}.Ad-Hoc|iPhone.Build.0 = Debug|Any CPU
		{D7801884-F8E1-4495-9694-68042EA7DCB9}.Ad-Hoc|iPhone.Deploy.0 = Debug|Any CPU
		{D7801884-F8E1-4495-9694-68042EA7DCB9}.Ad-Hoc|iPhoneSimulator.ActiveCfg = Debug|Any CPU
		{D7801884-F8E1-4495-9694-68042EA7DCB9}.Ad-Hoc|iPhoneSimulator.Build.0 = Debug|Any CPU
		{D7801884-F8E1-4495-9694-68042EA7DCB9}.Ad-Hoc|iPhoneSimulator.Deploy.0 = Debug|Any CPU
		{D7801884-F8E1-4495-9694-68042EA7DCB9}.AppStore|Any CPU.ActiveCfg = Debug|Any CPU
		{D7801884-F8E1-4495-9694-68042EA7DCB9}.AppStore|Any CPU.Build.0 = Debug|Any CPU
		{D7801884-F8E1-4495-9694-68042EA7DCB9}.AppStore|Any CPU.Deploy.0 = Debug|Any CPU
		{D7801884-F8E1-4495-9694-68042EA7DCB9}.AppStore|iPhone.ActiveCfg = Debug|Any CPU
		{D7801884-F8E1-4495-9694-68042EA7DCB9}.AppStore|iPhone.Build.0 = Debug|Any CPU
		{D7801884-F8E1-4495-9694-68042EA7DCB9}.AppStore|iPhone.Deploy.0 = Debug|Any CPU
		{D7801884-F8E1-4495-9694-68042EA7DCB9}.AppStore|iPhoneSimulator.ActiveCfg = Debug|Any CPU
		{D7801884-F8E1-4495-9694-68042EA7DCB9}.AppStore|iPhoneSimulator.Build.0 = Debug|Any CPU
		{D7801884-F8E1-4495-9694-68042EA7DCB9}.AppStore|iPhoneSimulator.Deploy.0 = Debug|Any CPU
		{D7801884-F8E1-4495-9694-68042EA7DCB9}.Debug|Any CPU.ActiveCfg = Debug|Any CPU
		{D7801884-F8E1-4495-9694-68042EA7DCB9}.Debug|Any CPU.Build.0 = Debug|Any CPU
		{D7801884-F8E1-4495-9694-68042EA7DCB9}.Debug|Any CPU.Deploy.0 = Debug|Any CPU
		{D7801884-F8E1-4495-9694-68042EA7DCB9}.Debug|iPhone.ActiveCfg = Debug|Any CPU
		{D7801884-F8E1-4495-9694-68042EA7DCB9}.Debug|iPhone.Build.0 = Debug|Any CPU
		{D7801884-F8E1-4495-9694-68042EA7DCB9}.Debug|iPhone.Deploy.0 = Debug|Any CPU
		{D7801884-F8E1-4495-9694-68042EA7DCB9}.Debug|iPhoneSimulator.ActiveCfg = Debug|Any CPU
		{D7801884-F8E1-4495-9694-68042EA7DCB9}.Debug|iPhoneSimulator.Build.0 = Debug|Any CPU
		{D7801884-F8E1-4495-9694-68042EA7DCB9}.Debug|iPhoneSimulator.Deploy.0 = Debug|Any CPU
		{D7801884-F8E1-4495-9694-68042EA7DCB9}.Release|Any CPU.ActiveCfg = Release|Any CPU
		{D7801884-F8E1-4495-9694-68042EA7DCB9}.Release|Any CPU.Build.0 = Release|Any CPU
		{D7801884-F8E1-4495-9694-68042EA7DCB9}.Release|Any CPU.Deploy.0 = Release|Any CPU
		{D7801884-F8E1-4495-9694-68042EA7DCB9}.Release|iPhone.ActiveCfg = Release|Any CPU
		{D7801884-F8E1-4495-9694-68042EA7DCB9}.Release|iPhone.Build.0 = Release|Any CPU
		{D7801884-F8E1-4495-9694-68042EA7DCB9}.Release|iPhone.Deploy.0 = Release|Any CPU
		{D7801884-F8E1-4495-9694-68042EA7DCB9}.Release|iPhoneSimulator.ActiveCfg = Release|Any CPU
		{D7801884-F8E1-4495-9694-68042EA7DCB9}.Release|iPhoneSimulator.Build.0 = Release|Any CPU
		{D7801884-F8E1-4495-9694-68042EA7DCB9}.Release|iPhoneSimulator.Deploy.0 = Release|Any CPU
	EndGlobalSection
	GlobalSection(SolutionProperties) = preSolution
		HideSolutionNode = FALSE
	EndGlobalSection
	GlobalSection(ExtensibilityGlobals) = postSolution
		SolutionGuid = {B664DDCD-741B-4E8F-AE08-4AA4882C0A23}
	EndGlobalSection
EndGlobal
